
Microsoft Visual Studio Solution File, Format Version 12.00
# Visual Studio 14
VisualStudioVersion = 14.0.25123.0
MinimumVisualStudioVersion = 10.0.40219.1
Project("{8BC9CEB8-8B4A-11D0-8D11-00A0C91BC942}") = "Bootstrap", "bootstrap\Bootstrap.vcxproj", "{AF59BB0B-E059-4773-83DC-728A949647DA}"
EndProject
Project("{8BC9CEB8-8B4A-11D0-8D11-00A0C91BC942}") = "Project2D", "Project2D\Project2D.vcxproj", "{3F428D0C-1CC8-47C3-818A-A3C2972C74C9}"
	ProjectSection(ProjectDependencies) = postProject
		{AF59BB0B-E059-4773-83DC-728A949647DA} = {AF59BB0B-E059-4773-83DC-728A949647DA}
	EndProjectSection
EndProject
Project("{8BC9CEB8-8B4A-11D0-8D11-00A0C91BC942}") = "Project3D", "Project3D\Project3D.vcxproj", "{EA21C4DF-E331-4FCF-8513-14A3F56B77F3}"
	ProjectSection(ProjectDependencies) = postProject
		{AF59BB0B-E059-4773-83DC-728A949647DA} = {AF59BB0B-E059-4773-83DC-728A949647DA}
	EndProjectSection
EndProject
Project("{8BC9CEB8-8B4A-11D0-8D11-00A0C91BC942}") = "project_RenderingGeometry", "project_RenderingGeometry\project_RenderingGeometry.vcxproj", "{71F0B38F-9306-4F37-8C30-65D9CE93A267}"
	ProjectSection(ProjectDependencies) = postProject
		{AF59BB0B-E059-4773-83DC-728A949647DA} = {AF59BB0B-E059-4773-83DC-728A949647DA}
	EndProjectSection
EndProject
Project("{8BC9CEB8-8B4A-11D0-8D11-00A0C91BC942}") = "project_Intro_to_OpenGL", "project_Intro_to_OpenGL\project_Intro_to_OpenGL.vcxproj", "{00156E23-31B5-4E90-BEE8-0C953EE1A984}"
EndProject
Project("{8BC9CEB8-8B4A-11D0-8D11-00A0C91BC942}") = "Project_Textures", "project_Textures\Project_Textures.vcxproj", "{CD79EF23-B96F-4776-955F-29472E8D3B89}"
EndProject
Project("{8BC9CEB8-8B4A-11D0-8D11-00A0C91BC942}") = "project_RenderAdvanced", "project_RenderAdvanced\project_RenderAdvanced.vcxproj", "{7A69EB0C-9249-4458-A268-2D9E50DE70CE}"
EndProject
Project("{8BC9CEB8-8B4A-11D0-8D11-00A0C91BC942}") = "project_Shadows", "project_Shadows\project_Shadows.vcxproj", "{50635A5D-D881-480E-9661-DFDEE8C5ECD1}"
EndProject
Project("{8BC9CEB8-8B4A-11D0-8D11-00A0C91BC942}") = "project_SoulSpear", "project_SoulSpear\project_SoulSpear.vcxproj", "{7528A496-75F2-45C0-8528-0844BB51985B}"
EndProject
Project("{8BC9CEB8-8B4A-11D0-8D11-00A0C91BC942}") = "Project_TexturesAdvanced", "project_TexturesAdvanced\Project_TexturesAdvanced.vcxproj", "{6BAA756C-E32B-4153-B34D-4F5A943C5B1A}"
EndProject
Project("{8BC9CEB8-8B4A-11D0-8D11-00A0C91BC942}") = "project_Lighting", "project_Lighting\project_Lighting.vcxproj", "{10128F9D-B45B-48C0-B127-8DD4FEFAFE9A}"
EndProject
Project("{8BC9CEB8-8B4A-11D0-8D11-00A0C91BC942}") = "project_GUI", "project_GUI\project_GUI.vcxproj", "{8610D411-C023-4A86-ADDA-24CE8B83FB3D}"
EndProject
Global
	GlobalSection(SolutionConfigurationPlatforms) = preSolution
		Debug|x64 = Debug|x64
		Debug|x86 = Debug|x86
		Release|x64 = Release|x64
		Release|x86 = Release|x86
	EndGlobalSection
	GlobalSection(ProjectConfigurationPlatforms) = postSolution
		{AF59BB0B-E059-4773-83DC-728A949647DA}.Debug|x64.ActiveCfg = Debug|Win32
		{AF59BB0B-E059-4773-83DC-728A949647DA}.Debug|x86.ActiveCfg = Debug|Win32
		{AF59BB0B-E059-4773-83DC-728A949647DA}.Debug|x86.Build.0 = Debug|Win32
		{AF59BB0B-E059-4773-83DC-728A949647DA}.Release|x64.ActiveCfg = Release|Win32
		{AF59BB0B-E059-4773-83DC-728A949647DA}.Release|x86.ActiveCfg = Release|Win32
		{AF59BB0B-E059-4773-83DC-728A949647DA}.Release|x86.Build.0 = Release|Win32
		{3F428D0C-1CC8-47C3-818A-A3C2972C74C9}.Debug|x64.ActiveCfg = Debug|Win32
		{3F428D0C-1CC8-47C3-818A-A3C2972C74C9}.Debug|x86.ActiveCfg = Debug|Win32
		{3F428D0C-1CC8-47C3-818A-A3C2972C74C9}.Debug|x86.Build.0 = Debug|Win32
		{3F428D0C-1CC8-47C3-818A-A3C2972C74C9}.Release|x64.ActiveCfg = Release|Win32
		{3F428D0C-1CC8-47C3-818A-A3C2972C74C9}.Release|x86.ActiveCfg = Release|Win32
		{3F428D0C-1CC8-47C3-818A-A3C2972C74C9}.Release|x86.Build.0 = Release|Win32
		{EA21C4DF-E331-4FCF-8513-14A3F56B77F3}.Debug|x64.ActiveCfg = Debug|Win32
		{EA21C4DF-E331-4FCF-8513-14A3F56B77F3}.Debug|x86.ActiveCfg = Debug|Win32
		{EA21C4DF-E331-4FCF-8513-14A3F56B77F3}.Debug|x86.Build.0 = Debug|Win32
		{EA21C4DF-E331-4FCF-8513-14A3F56B77F3}.Release|x64.ActiveCfg = Release|Win32
		{EA21C4DF-E331-4FCF-8513-14A3F56B77F3}.Release|x86.ActiveCfg = Release|Win32
		{EA21C4DF-E331-4FCF-8513-14A3F56B77F3}.Release|x86.Build.0 = Release|Win32
		{71F0B38F-9306-4F37-8C30-65D9CE93A267}.Debug|x64.ActiveCfg = Debug|Win32
		{71F0B38F-9306-4F37-8C30-65D9CE93A267}.Debug|x86.ActiveCfg = Debug|Win32
		{71F0B38F-9306-4F37-8C30-65D9CE93A267}.Debug|x86.Build.0 = Debug|Win32
		{71F0B38F-9306-4F37-8C30-65D9CE93A267}.Release|x64.ActiveCfg = Release|Win32
		{71F0B38F-9306-4F37-8C30-65D9CE93A267}.Release|x86.ActiveCfg = Release|Win32
		{71F0B38F-9306-4F37-8C30-65D9CE93A267}.Release|x86.Build.0 = Release|Win32
		{00156E23-31B5-4E90-BEE8-0C953EE1A984}.Debug|x64.ActiveCfg = Debug|Win32
		{00156E23-31B5-4E90-BEE8-0C953EE1A984}.Debug|x86.ActiveCfg = Debug|Win32
		{00156E23-31B5-4E90-BEE8-0C953EE1A984}.Debug|x86.Build.0 = Debug|Win32
		{00156E23-31B5-4E90-BEE8-0C953EE1A984}.Release|x64.ActiveCfg = Release|Win32
		{00156E23-31B5-4E90-BEE8-0C953EE1A984}.Release|x86.ActiveCfg = Release|Win32
		{00156E23-31B5-4E90-BEE8-0C953EE1A984}.Release|x86.Build.0 = Release|Win32
		{CD79EF23-B96F-4776-955F-29472E8D3B89}.Debug|x64.ActiveCfg = Debug|Win32
		{CD79EF23-B96F-4776-955F-29472E8D3B89}.Debug|x86.ActiveCfg = Debug|Win32
		{CD79EF23-B96F-4776-955F-29472E8D3B89}.Debug|x86.Build.0 = Debug|Win32
		{CD79EF23-B96F-4776-955F-29472E8D3B89}.Release|x64.ActiveCfg = Release|Win32
		{CD79EF23-B96F-4776-955F-29472E8D3B89}.Release|x86.ActiveCfg = Release|Win32
		{CD79EF23-B96F-4776-955F-29472E8D3B89}.Release|x86.Build.0 = Release|Win32
		{7A69EB0C-9249-4458-A268-2D9E50DE70CE}.Debug|x64.ActiveCfg = Debug|x64
		{7A69EB0C-9249-4458-A268-2D9E50DE70CE}.Debug|x64.Build.0 = Debug|x64
		{7A69EB0C-9249-4458-A268-2D9E50DE70CE}.Debug|x86.ActiveCfg = Debug|Win32
		{7A69EB0C-9249-4458-A268-2D9E50DE70CE}.Debug|x86.Build.0 = Debug|Win32
		{7A69EB0C-9249-4458-A268-2D9E50DE70CE}.Release|x64.ActiveCfg = Release|x64
		{7A69EB0C-9249-4458-A268-2D9E50DE70CE}.Release|x64.Build.0 = Release|x64
		{7A69EB0C-9249-4458-A268-2D9E50DE70CE}.Release|x86.ActiveCfg = Release|Win32
		{7A69EB0C-9249-4458-A268-2D9E50DE70CE}.Release|x86.Build.0 = Release|Win32
		{50635A5D-D881-480E-9661-DFDEE8C5ECD1}.Debug|x64.ActiveCfg = Debug|x64
		{50635A5D-D881-480E-9661-DFDEE8C5ECD1}.Debug|x64.Build.0 = Debug|x64
		{50635A5D-D881-480E-9661-DFDEE8C5ECD1}.Debug|x86.ActiveCfg = Debug|Win32
		{50635A5D-D881-480E-9661-DFDEE8C5ECD1}.Debug|x86.Build.0 = Debug|Win32
		{50635A5D-D881-480E-9661-DFDEE8C5ECD1}.Release|x64.ActiveCfg = Release|x64
		{50635A5D-D881-480E-9661-DFDEE8C5ECD1}.Release|x64.Build.0 = Release|x64
		{50635A5D-D881-480E-9661-DFDEE8C5ECD1}.Release|x86.ActiveCfg = Release|Win32
		{50635A5D-D881-480E-9661-DFDEE8C5ECD1}.Release|x86.Build.0 = Release|Win32
		{7528A496-75F2-45C0-8528-0844BB51985B}.Debug|x64.ActiveCfg = Debug|x64
		{7528A496-75F2-45C0-8528-0844BB51985B}.Debug|x64.Build.0 = Debug|x64
		{7528A496-75F2-45C0-8528-0844BB51985B}.Debug|x86.ActiveCfg = Debug|Win32
		{7528A496-75F2-45C0-8528-0844BB51985B}.Debug|x86.Build.0 = Debug|Win32
		{7528A496-75F2-45C0-8528-0844BB51985B}.Release|x64.ActiveCfg = Release|x64
		{7528A496-75F2-45C0-8528-0844BB51985B}.Release|x64.Build.0 = Release|x64
		{7528A496-75F2-45C0-8528-0844BB51985B}.Release|x86.ActiveCfg = Release|Win32
		{7528A496-75F2-45C0-8528-0844BB51985B}.Release|x86.Build.0 = Release|Win32
		{6BAA756C-E32B-4153-B34D-4F5A943C5B1A}.Debug|x64.ActiveCfg = Debug|Win32
		{6BAA756C-E32B-4153-B34D-4F5A943C5B1A}.Debug|x86.ActiveCfg = Debug|Win32
		{6BAA756C-E32B-4153-B34D-4F5A943C5B1A}.Debug|x86.Build.0 = Debug|Win32
		{6BAA756C-E32B-4153-B34D-4F5A943C5B1A}.Release|x64.ActiveCfg = Release|Win32
		{6BAA756C-E32B-4153-B34D-4F5A943C5B1A}.Release|x86.ActiveCfg = Release|Win32
		{6BAA756C-E32B-4153-B34D-4F5A943C5B1A}.Release|x86.Build.0 = Release|Win32
		{10128F9D-B45B-48C0-B127-8DD4FEFAFE9A}.Debug|x64.ActiveCfg = Debug|Win32
		{10128F9D-B45B-48C0-B127-8DD4FEFAFE9A}.Debug|x86.ActiveCfg = Debug|Win32
		{10128F9D-B45B-48C0-B127-8DD4FEFAFE9A}.Debug|x86.Build.0 = Debug|Win32
		{10128F9D-B45B-48C0-B127-8DD4FEFAFE9A}.Release|x64.ActiveCfg = Release|Win32
		{10128F9D-B45B-48C0-B127-8DD4FEFAFE9A}.Release|x86.ActiveCfg = Release|Win32
		{10128F9D-B45B-48C0-B127-8DD4FEFAFE9A}.Release|x86.Build.0 = Release|Win32
		{8610D411-C023-4A86-ADDA-24CE8B83FB3D}.Debug|x64.ActiveCfg = Debug|Win32
		{8610D411-C023-4A86-ADDA-24CE8B83FB3D}.Debug|x86.ActiveCfg = Debug|Win32
		{8610D411-C023-4A86-ADDA-24CE8B83FB3D}.Debug|x86.Build.0 = Debug|Win32
		{8610D411-C023-4A86-ADDA-24CE8B83FB3D}.Release|x64.ActiveCfg = Release|Win32
		{8610D411-C023-4A86-ADDA-24CE8B83FB3D}.Release|x86.ActiveCfg = Release|Win32
		{8610D411-C023-4A86-ADDA-24CE8B83FB3D}.Release|x86.Build.0 = Release|Win32
	EndGlobalSection
	GlobalSection(SolutionProperties) = preSolution
		HideSolutionNode = FALSE
	EndGlobalSection
EndGlobal
